
Microsoft Visual Studio Solution File, Format Version 12.00
# Visual Studio 15
VisualStudioVersion = 15.0.27130.2036
MinimumVisualStudioVersion = 10.0.40219.1
Project("{FAE04EC0-301F-11D3-BF4B-00C04F79EFBC}") = "Calculator", "Calculator\Calculator.csproj", "{8C4BF7C7-D6EA-4791-97FB-09E062CBF9BF}"
EndProject
Project("{FAE04EC0-301F-11D3-BF4B-00C04F79EFBC}") = "Calculator.Application", "Calculator.Application\Calculator.Application.csproj", "{6F5B6260-49FA-4E1A-A866-D6998D10B1D5}"
EndProject
Project("{FAE04EC0-301F-11D3-BF4B-00C04F79EFBC}") = "Calculator.Test.Unit", "Calculator.Test.Unit\Calculator.Test.Unit.csproj", "{E2E3ECBD-B0C9-451F-B50A-E0DE025436B6}"
EndProject
Global
	GlobalSection(SolutionConfigurationPlatforms) = preSolution
		Debug|Any CPU = Debug|Any CPU
		Release|Any CPU = Release|Any CPU
	EndGlobalSection
	GlobalSection(ProjectConfigurationPlatforms) = postSolution
		{8C4BF7C7-D6EA-4791-97FB-09E062CBF9BF}.Debug|Any CPU.ActiveCfg = Debug|Any CPU
		{8C4BF7C7-D6EA-4791-97FB-09E062CBF9BF}.Debug|Any CPU.Build.0 = Debug|Any CPU
		{8C4BF7C7-D6EA-4791-97FB-09E062CBF9BF}.Release|Any CPU.ActiveCfg = Release|Any CPU
		{8C4BF7C7-D6EA-4791-97FB-09E062CBF9BF}.Release|Any CPU.Build.0 = Release|Any CPU
		{6F5B6260-49FA-4E1A-A866-D6998D10B1D5}.Debug|Any CPU.ActiveCfg = Debug|Any CPU
		{6F5B6260-49FA-4E1A-A866-D6998D10B1D5}.Debug|Any CPU.Build.0 = Debug|Any CPU
		{6F5B6260-49FA-4E1A-A866-D6998D10B1D5}.Release|Any CPU.ActiveCfg = Release|Any CPU
		{6F5B6260-49FA-4E1A-A866-D6998D10B1D5}.Release|Any CPU.Build.0 = Release|Any CPU
		{E2E3ECBD-B0C9-451F-B50A-E0DE025436B6}.Debug|Any CPU.ActiveCfg = Debug|Any CPU
		{E2E3ECBD-B0C9-451F-B50A-E0DE025436B6}.Debug|Any CPU.Build.0 = Debug|Any CPU
		{E2E3ECBD-B0C9-451F-B50A-E0DE025436B6}.Release|Any CPU.ActiveCfg = Release|Any CPU
		{E2E3ECBD-B0C9-451F-B50A-E0DE025436B6}.Release|Any CPU.Build.0 = Release|Any CPU
	EndGlobalSection
	GlobalSection(SolutionProperties) = preSolution
		HideSolutionNode = FALSE
	EndGlobalSection
	GlobalSection(ExtensibilityGlobals) = postSolution
		SolutionGuid = {E1945080-3639-48A2-816A-7DA44D708E1E}
	EndGlobalSection
EndGlobal
